
Microsoft Visual Studio Solution File, Format Version 12.00
# Visual Studio Version 17
VisualStudioVersion = 17.11.35222.181
MinimumVisualStudioVersion = 10.0.40219.1
Project("{FAE04EC0-301F-11D3-BF4B-00C04F79EFBC}") = "lifo", "lifo\lifo.csproj", "{CAD49A77-C252-4D3B-A145-E5990334A575}"
EndProject
Global
	GlobalSection(SolutionConfigurationPlatforms) = preSolution
		Debug|Any CPU = Debug|Any CPU
		Release|Any CPU = Release|Any CPU
	EndGlobalSection
	GlobalSection(ProjectConfigurationPlatforms) = postSolution
		{CAD49A77-C252-4D3B-A145-E5990334A575}.Debug|Any CPU.ActiveCfg = Debug|Any CPU
		{CAD49A77-C252-4D3B-A145-E5990334A575}.Debug|Any CPU.Build.0 = Debug|Any CPU
		{CAD49A77-C252-4D3B-A145-E5990334A575}.Release|Any CPU.ActiveCfg = Release|Any CPU
		{CAD49A77-C252-4D3B-A145-E5990334A575}.Release|Any CPU.Build.0 = Release|Any CPU
	EndGlobalSection
	GlobalSection(SolutionProperties) = preSolution
		HideSolutionNode = FALSE
	EndGlobalSection
	GlobalSection(ExtensibilityGlobals) = postSolution
		SolutionGuid = {1DE65C71-DE68-4E71-A43D-B311AB391770}
	EndGlobalSection
EndGlobal
